# @generated by Move, please check-in and do not edit manually.

[move]
version = 3
manifest_digest = "73223BD7C07DFE1DC90E4E0C9C535BF151200BC8E4AF5F89F1B8ACCA2C75ADF7"
deps_digest = "F8BBB0CCB2491CA29A3DF03D6F92277A4F3574266507ACD77214D37ECA3F3082"
dependencies = [
  { id = "CetusClmm", name = "CetusClmm" },
]

[[move.package]]
id = "CetusClmm"
source = { git = "https://github.com/CetusProtocol/cetus-clmm-interface.git", rev = "testnet-v1.23.1", subdir = "sui/clmmpool" }

dependencies = [
  { id = "IntegerMate", name = "IntegerMate" },
  { id = "MoveSTL", name = "MoveSTL" },
  { id = "Sui", name = "Sui" },
]

[[move.package]]
id = "IntegerMate"
source = { git = "https://github.com/CetusProtocol/integer-mate.git", rev = "testnet-v1.23.1", subdir = "sui" }

dependencies = [
  { id = "Sui", name = "Sui" },
]

[[move.package]]
id = "MoveSTL"
source = { git = "https://github.com/CetusProtocol/move-stl.git", rev = "testnet-v1.23.1", subdir = "sui" }

dependencies = [
  { id = "Sui", name = "Sui" },
]

[[move.package]]
id = "MoveStdlib"
source = { git = "https://github.com/MystenLabs/sui.git", rev = "mainnet-v1.23.1", subdir = "crates/sui-framework/packages/move-stdlib" }

[[move.package]]
id = "Sui"
source = { git = "https://github.com/MystenLabs/sui.git", rev = "mainnet-v1.23.1", subdir = "crates/sui-framework/packages/sui-framework" }

dependencies = [
  { id = "MoveStdlib", name = "MoveStdlib" },
]

[move.toolchain-version]
compiler-version = "1.37.1"
edition = "2024.beta"
flavor = "sui"

[env]

[env.testnet]
chain-id = "4c78adac"
original-published-id = "0x0000000000000000000000000000000000000000000000000000000000000000"
latest-published-id = "0x9d9bb63ab36d0debe16cd4f0b6fea212376140ca335e71dcb184e67431cf2bd7"
published-version = "1"

[env.testnet-v1]
chain-id = "4c78adac"
original-published-id = "0xb6b12a65cf889de7e8cdf2f7e5c69c588bebfb1df099265aa16d5cf943ea6c29"
latest-published-id = "0xb6b12a65cf889de7e8cdf2f7e5c69c588bebfb1df099265aa16d5cf943ea6c29"
published-version = "1"
